// !$*UTF8*$!
{
	archiveVersion = 1;
	classes = {
	};
	objectVersion = 46;
	objects = {

/* Begin PBXBuildFile section */
		4EE55D6AC0D99E2BE6E9479D /* Pods_EasyLEDTests.framework in Frameworks */ = {isa = PBXBuildFile; fileRef = 5CFC41CE5D5C9C273FEAB01B /* Pods_EasyLEDTests.framework */; };
		887D66531DEC41E900A85E69 /* LedWhite.swift in Sources */ = {isa = PBXBuildFile; fileRef = 887D66521DEC41E900A85E69 /* LedWhite.swift */; };
		887D66551DEC41F400A85E69 /* LedColor.swift in Sources */ = {isa = PBXBuildFile; fileRef = 887D66541DEC41F400A85E69 /* LedColor.swift */; };
		887D66581DEC480500A85E69 /* SensorTemperature.swift in Sources */ = {isa = PBXBuildFile; fileRef = 887D66571DEC480500A85E69 /* SensorTemperature.swift */; };
		887D665A1DEC4A9600A85E69 /* SensorManager.swift in Sources */ = {isa = PBXBuildFile; fileRef = 887D66591DEC4A9600A85E69 /* SensorManager.swift */; };
		887D665C1DEC4AB500A85E69 /* LedManager.swift in Sources */ = {isa = PBXBuildFile; fileRef = 887D665B1DEC4AB500A85E69 /* LedManager.swift */; };
		887D66681DEC8B8B00A85E69 /* TemperatureTests.swift in Sources */ = {isa = PBXBuildFile; fileRef = 887D66671DEC8B8B00A85E69 /* TemperatureTests.swift */; };
		887D666A1DEC8BF000A85E69 /* SensorManagerTests.swift in Sources */ = {isa = PBXBuildFile; fileRef = 887D66691DEC8BF000A85E69 /* SensorManagerTests.swift */; };
		887D666C1DEC8C1900A85E69 /* LedManagerTests.swift in Sources */ = {isa = PBXBuildFile; fileRef = 887D666B1DEC8C1900A85E69 /* LedManagerTests.swift */; };
		88966CAE1DEC2D6E00191353 /* AppDelegate.swift in Sources */ = {isa = PBXBuildFile; fileRef = 88966CAD1DEC2D6E00191353 /* AppDelegate.swift */; };
		88966CB01DEC2D6E00191353 /* ViewController.swift in Sources */ = {isa = PBXBuildFile; fileRef = 88966CAF1DEC2D6E00191353 /* ViewController.swift */; };
		88966CB31DEC2D6E00191353 /* Main.storyboard in Resources */ = {isa = PBXBuildFile; fileRef = 88966CB11DEC2D6E00191353 /* Main.storyboard */; };
		88966CB51DEC2D6E00191353 /* Assets.xcassets in Resources */ = {isa = PBXBuildFile; fileRef = 88966CB41DEC2D6E00191353 /* Assets.xcassets */; };
		88966CB81DEC2D6E00191353 /* LaunchScreen.storyboard in Resources */ = {isa = PBXBuildFile; fileRef = 88966CB61DEC2D6E00191353 /* LaunchScreen.storyboard */; };
		88966CC31DEC2D6E00191353 /* EasyLEDTests.swift in Sources */ = {isa = PBXBuildFile; fileRef = 88966CC21DEC2D6E00191353 /* EasyLEDTests.swift */; };
		88966CCE1DEC2D6E00191353 /* EasyLEDUITests.swift in Sources */ = {isa = PBXBuildFile; fileRef = 88966CCD1DEC2D6E00191353 /* EasyLEDUITests.swift */; };
		88966CDF1DEC2F4700191353 /* Temperature.swift in Sources */ = {isa = PBXBuildFile; fileRef = 88966CDE1DEC2F4700191353 /* Temperature.swift */; };
		88966CE11DEC2F5700191353 /* LedModule.swift in Sources */ = {isa = PBXBuildFile; fileRef = 88966CE01DEC2F5700191353 /* LedModule.swift */; };
		88966CE31DEC2F6500191353 /* Led.swift in Sources */ = {isa = PBXBuildFile; fileRef = 88966CE21DEC2F6500191353 /* Led.swift */; };
		88966CE51DEC2F9D00191353 /* Sensor.swift in Sources */ = {isa = PBXBuildFile; fileRef = 88966CE41DEC2F9D00191353 /* Sensor.swift */; };
		A8689E41E5CBF7FEFE19D17B /* Pods_EasyLED.framework in Frameworks */ = {isa = PBXBuildFile; fileRef = D4AE2502104F98BAC7CCEE63 /* Pods_EasyLED.framework */; };
		FF2F0EE7A4F07DC6A27062A7 /* Pods_EasyLEDUITests.framework in Frameworks */ = {isa = PBXBuildFile; fileRef = 9494874D1C9994C1D601BA41 /* Pods_EasyLEDUITests.framework */; };
/* End PBXBuildFile section */

/* Begin PBXContainerItemProxy section */
		88966CBF1DEC2D6E00191353 /* PBXContainerItemProxy */ = {
			isa = PBXContainerItemProxy;
			containerPortal = 88966CA21DEC2D6E00191353 /* Project object */;
			proxyType = 1;
			remoteGlobalIDString = 88966CA91DEC2D6E00191353;
			remoteInfo = EasyLED;
		};
		88966CCA1DEC2D6E00191353 /* PBXContainerItemProxy */ = {
			isa = PBXContainerItemProxy;
			containerPortal = 88966CA21DEC2D6E00191353 /* Project object */;
			proxyType = 1;
			remoteGlobalIDString = 88966CA91DEC2D6E00191353;
			remoteInfo = EasyLED;
		};
/* End PBXContainerItemProxy section */

/* Begin PBXFileReference section */
		034387ECBF16ECA8027C0DE8 /* Pods-EasyLEDUITests.release.xcconfig */ = {isa = PBXFileReference; includeInIndex = 1; lastKnownFileType = text.xcconfig; name = "Pods-EasyLEDUITests.release.xcconfig"; path = "Pods/Target Support Files/Pods-EasyLEDUITests/Pods-EasyLEDUITests.release.xcconfig"; sourceTree = "<group>"; };
		38ADD73E5EFB94D6C163B9D3 /* Pods-EasyLEDTests.release.xcconfig */ = {isa = PBXFileReference; includeInIndex = 1; lastKnownFileType = text.xcconfig; name = "Pods-EasyLEDTests.release.xcconfig"; path = "Pods/Target Support Files/Pods-EasyLEDTests/Pods-EasyLEDTests.release.xcconfig"; sourceTree = "<group>"; };
		5CFC41CE5D5C9C273FEAB01B /* Pods_EasyLEDTests.framework */ = {isa = PBXFileReference; explicitFileType = wrapper.framework; includeInIndex = 0; path = Pods_EasyLEDTests.framework; sourceTree = BUILT_PRODUCTS_DIR; };
		73DD2373CE169A5809EE7FE8 /* Pods-EasyLED.debug.xcconfig */ = {isa = PBXFileReference; includeInIndex = 1; lastKnownFileType = text.xcconfig; name = "Pods-EasyLED.debug.xcconfig"; path = "Pods/Target Support Files/Pods-EasyLED/Pods-EasyLED.debug.xcconfig"; sourceTree = "<group>"; };
		7836AB6B4F88B664971226AF /* Pods-EasyLEDTests.debug.xcconfig */ = {isa = PBXFileReference; includeInIndex = 1; lastKnownFileType = text.xcconfig; name = "Pods-EasyLEDTests.debug.xcconfig"; path = "Pods/Target Support Files/Pods-EasyLEDTests/Pods-EasyLEDTests.debug.xcconfig"; sourceTree = "<group>"; };
		887D66521DEC41E900A85E69 /* LedWhite.swift */ = {isa = PBXFileReference; fileEncoding = 4; lastKnownFileType = sourcecode.swift; path = LedWhite.swift; sourceTree = "<group>"; };
		887D66541DEC41F400A85E69 /* LedColor.swift */ = {isa = PBXFileReference; fileEncoding = 4; lastKnownFileType = sourcecode.swift; path = LedColor.swift; sourceTree = "<group>"; };
		887D66571DEC480500A85E69 /* SensorTemperature.swift */ = {isa = PBXFileReference; fileEncoding = 4; lastKnownFileType = sourcecode.swift; path = SensorTemperature.swift; sourceTree = "<group>"; };
		887D66591DEC4A9600A85E69 /* SensorManager.swift */ = {isa = PBXFileReference; fileEncoding = 4; lastKnownFileType = sourcecode.swift; path = SensorManager.swift; sourceTree = "<group>"; };
		887D665B1DEC4AB500A85E69 /* LedManager.swift */ = {isa = PBXFileReference; fileEncoding = 4; lastKnownFileType = sourcecode.swift; path = LedManager.swift; sourceTree = "<group>"; };
		887D66671DEC8B8B00A85E69 /* TemperatureTests.swift */ = {isa = PBXFileReference; fileEncoding = 4; lastKnownFileType = sourcecode.swift; path = TemperatureTests.swift; sourceTree = "<group>"; };
		887D66691DEC8BF000A85E69 /* SensorManagerTests.swift */ = {isa = PBXFileReference; fileEncoding = 4; lastKnownFileType = sourcecode.swift; path = SensorManagerTests.swift; sourceTree = "<group>"; };
		887D666B1DEC8C1900A85E69 /* LedManagerTests.swift */ = {isa = PBXFileReference; fileEncoding = 4; lastKnownFileType = sourcecode.swift; path = LedManagerTests.swift; sourceTree = "<group>"; };
		88966CAA1DEC2D6E00191353 /* EasyLED.app */ = {isa = PBXFileReference; explicitFileType = wrapper.application; includeInIndex = 0; path = EasyLED.app; sourceTree = BUILT_PRODUCTS_DIR; };
		88966CAD1DEC2D6E00191353 /* AppDelegate.swift */ = {isa = PBXFileReference; lastKnownFileType = sourcecode.swift; path = AppDelegate.swift; sourceTree = "<group>"; };
		88966CAF1DEC2D6E00191353 /* ViewController.swift */ = {isa = PBXFileReference; lastKnownFileType = sourcecode.swift; name = ViewController.swift; path = ../ViewController.swift; sourceTree = "<group>"; };
		88966CB21DEC2D6E00191353 /* Base */ = {isa = PBXFileReference; lastKnownFileType = file.storyboard; name = Base; path = Base.lproj/Main.storyboard; sourceTree = "<group>"; };
		88966CB41DEC2D6E00191353 /* Assets.xcassets */ = {isa = PBXFileReference; lastKnownFileType = folder.assetcatalog; path = Assets.xcassets; sourceTree = "<group>"; };
		88966CB71DEC2D6E00191353 /* Base */ = {isa = PBXFileReference; lastKnownFileType = file.storyboard; name = Base; path = Base.lproj/LaunchScreen.storyboard; sourceTree = "<group>"; };
		88966CB91DEC2D6E00191353 /* Info.plist */ = {isa = PBXFileReference; lastKnownFileType = text.plist.xml; path = Info.plist; sourceTree = "<group>"; };
		88966CBE1DEC2D6E00191353 /* EasyLEDTests.xctest */ = {isa = PBXFileReference; explicitFileType = wrapper.cfbundle; includeInIndex = 0; path = EasyLEDTests.xctest; sourceTree = BUILT_PRODUCTS_DIR; };
		88966CC21DEC2D6E00191353 /* EasyLEDTests.swift */ = {isa = PBXFileReference; lastKnownFileType = sourcecode.swift; path = EasyLEDTests.swift; sourceTree = "<group>"; };
		88966CC41DEC2D6E00191353 /* Info.plist */ = {isa = PBXFileReference; lastKnownFileType = text.plist.xml; path = Info.plist; sourceTree = "<group>"; };
		88966CC91DEC2D6E00191353 /* EasyLEDUITests.xctest */ = {isa = PBXFileReference; explicitFileType = wrapper.cfbundle; includeInIndex = 0; path = EasyLEDUITests.xctest; sourceTree = BUILT_PRODUCTS_DIR; };
		88966CCD1DEC2D6E00191353 /* EasyLEDUITests.swift */ = {isa = PBXFileReference; lastKnownFileType = sourcecode.swift; path = EasyLEDUITests.swift; sourceTree = "<group>"; };
		88966CCF1DEC2D6E00191353 /* Info.plist */ = {isa = PBXFileReference; lastKnownFileType = text.plist.xml; path = Info.plist; sourceTree = "<group>"; };
		88966CDE1DEC2F4700191353 /* Temperature.swift */ = {isa = PBXFileReference; fileEncoding = 4; lastKnownFileType = sourcecode.swift; path = Temperature.swift; sourceTree = "<group>"; };
		88966CE01DEC2F5700191353 /* LedModule.swift */ = {isa = PBXFileReference; fileEncoding = 4; lastKnownFileType = sourcecode.swift; path = LedModule.swift; sourceTree = "<group>"; };
		88966CE21DEC2F6500191353 /* Led.swift */ = {isa = PBXFileReference; fileEncoding = 4; lastKnownFileType = sourcecode.swift; path = Led.swift; sourceTree = "<group>"; };
		88966CE41DEC2F9D00191353 /* Sensor.swift */ = {isa = PBXFileReference; fileEncoding = 4; lastKnownFileType = sourcecode.swift; path = Sensor.swift; sourceTree = "<group>"; };
		917975356C8F96DD074E8D62 /* Pods-EasyLEDUITests.debug.xcconfig */ = {isa = PBXFileReference; includeInIndex = 1; lastKnownFileType = text.xcconfig; name = "Pods-EasyLEDUITests.debug.xcconfig"; path = "Pods/Target Support Files/Pods-EasyLEDUITests/Pods-EasyLEDUITests.debug.xcconfig"; sourceTree = "<group>"; };
		9494874D1C9994C1D601BA41 /* Pods_EasyLEDUITests.framework */ = {isa = PBXFileReference; explicitFileType = wrapper.framework; includeInIndex = 0; path = Pods_EasyLEDUITests.framework; sourceTree = BUILT_PRODUCTS_DIR; };
		B5B971FD3B55B672B7C372F9 /* Pods-EasyLED.release.xcconfig */ = {isa = PBXFileReference; includeInIndex = 1; lastKnownFileType = text.xcconfig; name = "Pods-EasyLED.release.xcconfig"; path = "Pods/Target Support Files/Pods-EasyLED/Pods-EasyLED.release.xcconfig"; sourceTree = "<group>"; };
		D4AE2502104F98BAC7CCEE63 /* Pods_EasyLED.framework */ = {isa = PBXFileReference; explicitFileType = wrapper.framework; includeInIndex = 0; path = Pods_EasyLED.framework; sourceTree = BUILT_PRODUCTS_DIR; };
/* End PBXFileReference section */

/* Begin PBXFrameworksBuildPhase section */
		88966CA71DEC2D6E00191353 /* Frameworks */ = {
			isa = PBXFrameworksBuildPhase;
			buildActionMask = 2147483647;
			files = (
				A8689E41E5CBF7FEFE19D17B /* Pods_EasyLED.framework in Frameworks */,
			);
			runOnlyForDeploymentPostprocessing = 0;
		};
		88966CBB1DEC2D6E00191353 /* Frameworks */ = {
			isa = PBXFrameworksBuildPhase;
			buildActionMask = 2147483647;
			files = (
				4EE55D6AC0D99E2BE6E9479D /* Pods_EasyLEDTests.framework in Frameworks */,
			);
			runOnlyForDeploymentPostprocessing = 0;
		};
		88966CC61DEC2D6E00191353 /* Frameworks */ = {
			isa = PBXFrameworksBuildPhase;
			buildActionMask = 2147483647;
			files = (
				FF2F0EE7A4F07DC6A27062A7 /* Pods_EasyLEDUITests.framework in Frameworks */,
			);
			runOnlyForDeploymentPostprocessing = 0;
		};
/* End PBXFrameworksBuildPhase section */

/* Begin PBXGroup section */
		490DDFE6BDC3706E71784602 /* Pods */ = {
			isa = PBXGroup;
			children = (
				73DD2373CE169A5809EE7FE8 /* Pods-EasyLED.debug.xcconfig */,
				B5B971FD3B55B672B7C372F9 /* Pods-EasyLED.release.xcconfig */,
				7836AB6B4F88B664971226AF /* Pods-EasyLEDTests.debug.xcconfig */,
				38ADD73E5EFB94D6C163B9D3 /* Pods-EasyLEDTests.release.xcconfig */,
				917975356C8F96DD074E8D62 /* Pods-EasyLEDUITests.debug.xcconfig */,
				034387ECBF16ECA8027C0DE8 /* Pods-EasyLEDUITests.release.xcconfig */,
			);
			name = Pods;
			sourceTree = "<group>";
		};
		88966CA11DEC2D6E00191353 = {
			isa = PBXGroup;
			children = (
				88966CAC1DEC2D6E00191353 /* EasyLED */,
				88966CC11DEC2D6E00191353 /* EasyLEDTests */,
				88966CCC1DEC2D6E00191353 /* EasyLEDUITests */,
				88966CAB1DEC2D6E00191353 /* Products */,
				490DDFE6BDC3706E71784602 /* Pods */,
				EDF3DA2E3EC2BA7F6B490FE6 /* Frameworks */,
			);
			sourceTree = "<group>";
		};
		88966CAB1DEC2D6E00191353 /* Products */ = {
			isa = PBXGroup;
			children = (
				88966CAA1DEC2D6E00191353 /* EasyLED.app */,
				88966CBE1DEC2D6E00191353 /* EasyLEDTests.xctest */,
				88966CC91DEC2D6E00191353 /* EasyLEDUITests.xctest */,
			);
			name = Products;
			sourceTree = "<group>";
		};
		88966CAC1DEC2D6E00191353 /* EasyLED */ = {
			isa = PBXGroup;
			children = (
				88966CDB1DEC2ED100191353 /* model */,
				88966CDD1DEC2EF800191353 /* viewController */,
				88966CDC1DEC2EF800191353 /* view */,
				88966CAD1DEC2D6E00191353 /* AppDelegate.swift */,
				88966CB11DEC2D6E00191353 /* Main.storyboard */,
				88966CB41DEC2D6E00191353 /* Assets.xcassets */,
				88966CB61DEC2D6E00191353 /* LaunchScreen.storyboard */,
				88966CB91DEC2D6E00191353 /* Info.plist */,
			);
			path = EasyLED;
			sourceTree = "<group>";
		};
		88966CC11DEC2D6E00191353 /* EasyLEDTests */ = {
			isa = PBXGroup;
			children = (
				88966CC21DEC2D6E00191353 /* EasyLEDTests.swift */,
				88966CC41DEC2D6E00191353 /* Info.plist */,
				887D66671DEC8B8B00A85E69 /* TemperatureTests.swift */,
				887D66691DEC8BF000A85E69 /* SensorManagerTests.swift */,
				887D666B1DEC8C1900A85E69 /* LedManagerTests.swift */,
			);
			path = EasyLEDTests;
			sourceTree = "<group>";
		};
		88966CCC1DEC2D6E00191353 /* EasyLEDUITests */ = {
			isa = PBXGroup;
			children = (
				88966CCD1DEC2D6E00191353 /* EasyLEDUITests.swift */,
				88966CCF1DEC2D6E00191353 /* Info.plist */,
			);
			path = EasyLEDUITests;
			sourceTree = "<group>";
		};
		88966CDB1DEC2ED100191353 /* model */ = {
			isa = PBXGroup;
			children = (
				88966CE21DEC2F6500191353 /* Led.swift */,
				887D66541DEC41F400A85E69 /* LedColor.swift */,
				887D665B1DEC4AB500A85E69 /* LedManager.swift */,
				88966CE01DEC2F5700191353 /* LedModule.swift */,
				887D66521DEC41E900A85E69 /* LedWhite.swift */,
				88966CE41DEC2F9D00191353 /* Sensor.swift */,
				887D66591DEC4A9600A85E69 /* SensorManager.swift */,
				887D66571DEC480500A85E69 /* SensorTemperature.swift */,
				88966CDE1DEC2F4700191353 /* Temperature.swift */,
			);
			path = model;
			sourceTree = "<group>";
		};
		88966CDC1DEC2EF800191353 /* view */ = {
			isa = PBXGroup;
			children = (
			);
			name = view;
			path = EasyLED/view;
			sourceTree = SOURCE_ROOT;
		};
		88966CDD1DEC2EF800191353 /* viewController */ = {
			isa = PBXGroup;
			children = (
				88966CAF1DEC2D6E00191353 /* ViewController.swift */,
			);
			name = viewController;
			path = EasyLED/viewController;
			sourceTree = SOURCE_ROOT;
		};
		EDF3DA2E3EC2BA7F6B490FE6 /* Frameworks */ = {
			isa = PBXGroup;
			children = (
				D4AE2502104F98BAC7CCEE63 /* Pods_EasyLED.framework */,
				5CFC41CE5D5C9C273FEAB01B /* Pods_EasyLEDTests.framework */,
				9494874D1C9994C1D601BA41 /* Pods_EasyLEDUITests.framework */,
			);
			name = Frameworks;
			sourceTree = "<group>";
		};
/* End PBXGroup section */

/* Begin PBXNativeTarget section */
		88966CA91DEC2D6E00191353 /* EasyLED */ = {
			isa = PBXNativeTarget;
			buildConfigurationList = 88966CD21DEC2D6E00191353 /* Build configuration list for PBXNativeTarget "EasyLED" */;
			buildPhases = (
				FBF6BB1FCEEC6A52A78ACA20 /* [CP] Check Pods Manifest.lock */,
				88966CA61DEC2D6E00191353 /* Sources */,
				88966CA71DEC2D6E00191353 /* Frameworks */,
				88966CA81DEC2D6E00191353 /* Resources */,
				7A6A02CEC9DD4A20B56A9461 /* [CP] Embed Pods Frameworks */,
				25E96F9EDC379F3524C34F03 /* [CP] Copy Pods Resources */,
			);
			buildRules = (
			);
			dependencies = (
			);
			name = EasyLED;
			productName = EasyLED;
			productReference = 88966CAA1DEC2D6E00191353 /* EasyLED.app */;
			productType = "com.apple.product-type.application";
		};
		88966CBD1DEC2D6E00191353 /* EasyLEDTests */ = {
			isa = PBXNativeTarget;
			buildConfigurationList = 88966CD51DEC2D6E00191353 /* Build configuration list for PBXNativeTarget "EasyLEDTests" */;
			buildPhases = (
				D0EFF50599FB77DDB17ACA5F /* [CP] Check Pods Manifest.lock */,
				88966CBA1DEC2D6E00191353 /* Sources */,
				88966CBB1DEC2D6E00191353 /* Frameworks */,
				88966CBC1DEC2D6E00191353 /* Resources */,
				CAA105023583E6606E7A9B13 /* [CP] Embed Pods Frameworks */,
				A5EC8357BCB7CF9C9BCCF190 /* [CP] Copy Pods Resources */,
			);
			buildRules = (
			);
			dependencies = (
				88966CC01DEC2D6E00191353 /* PBXTargetDependency */,
			);
			name = EasyLEDTests;
			productName = EasyLEDTests;
			productReference = 88966CBE1DEC2D6E00191353 /* EasyLEDTests.xctest */;
			productType = "com.apple.product-type.bundle.unit-test";
		};
		88966CC81DEC2D6E00191353 /* EasyLEDUITests */ = {
			isa = PBXNativeTarget;
			buildConfigurationList = 88966CD81DEC2D6E00191353 /* Build configuration list for PBXNativeTarget "EasyLEDUITests" */;
			buildPhases = (
				EAA8F5F2203F1A73575A8E25 /* [CP] Check Pods Manifest.lock */,
				88966CC51DEC2D6E00191353 /* Sources */,
				88966CC61DEC2D6E00191353 /* Frameworks */,
				88966CC71DEC2D6E00191353 /* Resources */,
				A798F19E965CDDD94ACB9574 /* [CP] Embed Pods Frameworks */,
				3108CCC3FD661607FFEC3A2A /* [CP] Copy Pods Resources */,
			);
			buildRules = (
			);
			dependencies = (
				88966CCB1DEC2D6E00191353 /* PBXTargetDependency */,
			);
			name = EasyLEDUITests;
			productName = EasyLEDUITests;
			productReference = 88966CC91DEC2D6E00191353 /* EasyLEDUITests.xctest */;
			productType = "com.apple.product-type.bundle.ui-testing";
		};
/* End PBXNativeTarget section */

/* Begin PBXProject section */
		88966CA21DEC2D6E00191353 /* Project object */ = {
			isa = PBXProject;
			attributes = {
				LastSwiftUpdateCheck = 0800;
				LastUpgradeCheck = 0800;
				ORGANIZATIONNAME = laurent;
				TargetAttributes = {
					88966CA91DEC2D6E00191353 = {
						CreatedOnToolsVersion = 8.0;
						ProvisioningStyle = Automatic;
					};
					88966CBD1DEC2D6E00191353 = {
						CreatedOnToolsVersion = 8.0;
						ProvisioningStyle = Automatic;
						TestTargetID = 88966CA91DEC2D6E00191353;
					};
					88966CC81DEC2D6E00191353 = {
						CreatedOnToolsVersion = 8.0;
						ProvisioningStyle = Automatic;
						TestTargetID = 88966CA91DEC2D6E00191353;
					};
				};
			};
			buildConfigurationList = 88966CA51DEC2D6E00191353 /* Build configuration list for PBXProject "EasyLED" */;
			compatibilityVersion = "Xcode 3.2";
			developmentRegion = English;
			hasScannedForEncodings = 0;
			knownRegions = (
				en,
				Base,
			);
			mainGroup = 88966CA11DEC2D6E00191353;
			productRefGroup = 88966CAB1DEC2D6E00191353 /* Products */;
			projectDirPath = "";
			projectRoot = "";
			targets = (
				88966CA91DEC2D6E00191353 /* EasyLED */,
				88966CBD1DEC2D6E00191353 /* EasyLEDTests */,
				88966CC81DEC2D6E00191353 /* EasyLEDUITests */,
			);
		};
/* End PBXProject section */

/* Begin PBXResourcesBuildPhase section */
		88966CA81DEC2D6E00191353 /* Resources */ = {
			isa = PBXResourcesBuildPhase;
			buildActionMask = 2147483647;
			files = (
				88966CB81DEC2D6E00191353 /* LaunchScreen.storyboard in Resources */,
				88966CB51DEC2D6E00191353 /* Assets.xcassets in Resources */,
				88966CB31DEC2D6E00191353 /* Main.storyboard in Resources */,
			);
			runOnlyForDeploymentPostprocessing = 0;
		};
		88966CBC1DEC2D6E00191353 /* Resources */ = {
			isa = PBXResourcesBuildPhase;
			buildActionMask = 2147483647;
			files = (
			);
			runOnlyForDeploymentPostprocessing = 0;
		};
		88966CC71DEC2D6E00191353 /* Resources */ = {
			isa = PBXResourcesBuildPhase;
			buildActionMask = 2147483647;
			files = (
			);
			runOnlyForDeploymentPostprocessing = 0;
		};
/* End PBXResourcesBuildPhase section */

/* Begin PBXShellScriptBuildPhase section */
		25E96F9EDC379F3524C34F03 /* [CP] Copy Pods Resources */ = {
			isa = PBXShellScriptBuildPhase;
			buildActionMask = 2147483647;
			files = (
			);
			inputPaths = (
			);
			name = "[CP] Copy Pods Resources";
			outputPaths = (
			);
			runOnlyForDeploymentPostprocessing = 0;
			shellPath = /bin/sh;
			shellScript = "\"${SRCROOT}/Pods/Target Support Files/Pods-EasyLED/Pods-EasyLED-resources.sh\"\n";
			showEnvVarsInLog = 0;
		};
		3108CCC3FD661607FFEC3A2A /* [CP] Copy Pods Resources */ = {
			isa = PBXShellScriptBuildPhase;
			buildActionMask = 2147483647;
			files = (
			);
			inputPaths = (
			);
			name = "[CP] Copy Pods Resources";
			outputPaths = (
			);
			runOnlyForDeploymentPostprocessing = 0;
			shellPath = /bin/sh;
			shellScript = "\"${SRCROOT}/Pods/Target Support Files/Pods-EasyLEDUITests/Pods-EasyLEDUITests-resources.sh\"\n";
			showEnvVarsInLog = 0;
		};
		7A6A02CEC9DD4A20B56A9461 /* [CP] Embed Pods Frameworks */ = {
			isa = PBXShellScriptBuildPhase;
			buildActionMask = 2147483647;
			files = (
			);
			inputPaths = (
			);
			name = "[CP] Embed Pods Frameworks";
			outputPaths = (
			);
			runOnlyForDeploymentPostprocessing = 0;
			shellPath = /bin/sh;
			shellScript = "\"${SRCROOT}/Pods/Target Support Files/Pods-EasyLED/Pods-EasyLED-frameworks.sh\"\n";
			showEnvVarsInLog = 0;
		};
		A5EC8357BCB7CF9C9BCCF190 /* [CP] Copy Pods Resources */ = {
			isa = PBXShellScriptBuildPhase;
			buildActionMask = 2147483647;
			files = (
			);
			inputPaths = (
			);
			name = "[CP] Copy Pods Resources";
			outputPaths = (
			);
			runOnlyForDeploymentPostprocessing = 0;
			shellPath = /bin/sh;
			shellScript = "\"${SRCROOT}/Pods/Target Support Files/Pods-EasyLEDTests/Pods-EasyLEDTests-resources.sh\"\n";
			showEnvVarsInLog = 0;
		};
		A798F19E965CDDD94ACB9574 /* [CP] Embed Pods Frameworks */ = {
			isa = PBXShellScriptBuildPhase;
			buildActionMask = 2147483647;
			files = (
			);
			inputPaths = (
			);
			name = "[CP] Embed Pods Frameworks";
			outputPaths = (
			);
			runOnlyForDeploymentPostprocessing = 0;
			shellPath = /bin/sh;
			shellScript = "\"${SRCROOT}/Pods/Target Support Files/Pods-EasyLEDUITests/Pods-EasyLEDUITests-frameworks.sh\"\n";
			showEnvVarsInLog = 0;
		};
		CAA105023583E6606E7A9B13 /* [CP] Embed Pods Frameworks */ = {
			isa = PBXShellScriptBuildPhase;
			buildActionMask = 2147483647;
			files = (
			);
			inputPaths = (
			);
			name = "[CP] Embed Pods Frameworks";
			outputPaths = (
			);
			runOnlyForDeploymentPostprocessing = 0;
			shellPath = /bin/sh;
			shellScript = "\"${SRCROOT}/Pods/Target Support Files/Pods-EasyLEDTests/Pods-EasyLEDTests-frameworks.sh\"\n";
			showEnvVarsInLog = 0;
		};
		D0EFF50599FB77DDB17ACA5F /* [CP] Check Pods Manifest.lock */ = {
			isa = PBXShellScriptBuildPhase;
			buildActionMask = 2147483647;
			files = (
			);
			inputPaths = (
			);
			name = "[CP] Check Pods Manifest.lock";
			outputPaths = (
			);
			runOnlyForDeploymentPostprocessing = 0;
			shellPath = /bin/sh;
			shellScript = "diff \"${PODS_ROOT}/../Podfile.lock\" \"${PODS_ROOT}/Manifest.lock\" > /dev/null\nif [ $? != 0 ] ; then\n    # print error to STDERR\n    echo \"error: The sandbox is not in sync with the Podfile.lock. Run 'pod install' or update your CocoaPods installation.\" >&2\n    exit 1\nfi\n";
			showEnvVarsInLog = 0;
		};
		EAA8F5F2203F1A73575A8E25 /* [CP] Check Pods Manifest.lock */ = {
			isa = PBXShellScriptBuildPhase;
			buildActionMask = 2147483647;
			files = (
			);
			inputPaths = (
			);
			name = "[CP] Check Pods Manifest.lock";
			outputPaths = (
			);
			runOnlyForDeploymentPostprocessing = 0;
			shellPath = /bin/sh;
			shellScript = "diff \"${PODS_ROOT}/../Podfile.lock\" \"${PODS_ROOT}/Manifest.lock\" > /dev/null\nif [ $? != 0 ] ; then\n    # print error to STDERR\n    echo \"error: The sandbox is not in sync with the Podfile.lock. Run 'pod install' or update your CocoaPods installation.\" >&2\n    exit 1\nfi\n";
			showEnvVarsInLog = 0;
		};
		FBF6BB1FCEEC6A52A78ACA20 /* [CP] Check Pods Manifest.lock */ = {
			isa = PBXShellScriptBuildPhase;
			buildActionMask = 2147483647;
			files = (
			);
			inputPaths = (
			);
			name = "[CP] Check Pods Manifest.lock";
			outputPaths = (
			);
			runOnlyForDeploymentPostprocessing = 0;
			shellPath = /bin/sh;
			shellScript = "diff \"${PODS_ROOT}/../Podfile.lock\" \"${PODS_ROOT}/Manifest.lock\" > /dev/null\nif [ $? != 0 ] ; then\n    # print error to STDERR\n    echo \"error: The sandbox is not in sync with the Podfile.lock. Run 'pod install' or update your CocoaPods installation.\" >&2\n    exit 1\nfi\n";
			showEnvVarsInLog = 0;
		};
/* End PBXShellScriptBuildPhase section */

/* Begin PBXSourcesBuildPhase section */
		88966CA61DEC2D6E00191353 /* Sources */ = {
			isa = PBXSourcesBuildPhase;
			buildActionMask = 2147483647;
			files = (
				88966CB01DEC2D6E00191353 /* ViewController.swift in Sources */,
				88966CE51DEC2F9D00191353 /* Sensor.swift in Sources */,
				887D66581DEC480500A85E69 /* SensorTemperature.swift in Sources */,
				88966CE11DEC2F5700191353 /* LedModule.swift in Sources */,
				88966CAE1DEC2D6E00191353 /* AppDelegate.swift in Sources */,
				887D66531DEC41E900A85E69 /* LedWhite.swift in Sources */,
				887D66551DEC41F400A85E69 /* LedColor.swift in Sources */,
				887D665A1DEC4A9600A85E69 /* SensorManager.swift in Sources */,
				88966CE31DEC2F6500191353 /* Led.swift in Sources */,
				88966CDF1DEC2F4700191353 /* Temperature.swift in Sources */,
				887D665C1DEC4AB500A85E69 /* LedManager.swift in Sources */,
			);
			runOnlyForDeploymentPostprocessing = 0;
		};
		88966CBA1DEC2D6E00191353 /* Sources */ = {
			isa = PBXSourcesBuildPhase;
			buildActionMask = 2147483647;
			files = (
				887D66681DEC8B8B00A85E69 /* TemperatureTests.swift in Sources */,
				88966CC31DEC2D6E00191353 /* EasyLEDTests.swift in Sources */,
				887D666A1DEC8BF000A85E69 /* SensorManagerTests.swift in Sources */,
				887D666C1DEC8C1900A85E69 /* LedManagerTests.swift in Sources */,
			);
			runOnlyForDeploymentPostprocessing = 0;
		};
		88966CC51DEC2D6E00191353 /* Sources */ = {
			isa = PBXSourcesBuildPhase;
			buildActionMask = 2147483647;
			files = (
				88966CCE1DEC2D6E00191353 /* EasyLEDUITests.swift in Sources */,
			);
			runOnlyForDeploymentPostprocessing = 0;
		};
/* End PBXSourcesBuildPhase section */

/* Begin PBXTargetDependency section */
		88966CC01DEC2D6E00191353 /* PBXTargetDependency */ = {
			isa = PBXTargetDependency;
			target = 88966CA91DEC2D6E00191353 /* EasyLED */;
			targetProxy = 88966CBF1DEC2D6E00191353 /* PBXContainerItemProxy */;
		};
		88966CCB1DEC2D6E00191353 /* PBXTargetDependency */ = {
			isa = PBXTargetDependency;
			target = 88966CA91DEC2D6E00191353 /* EasyLED */;
			targetProxy = 88966CCA1DEC2D6E00191353 /* PBXContainerItemProxy */;
		};
/* End PBXTargetDependency section */

/* Begin PBXVariantGroup section */
		88966CB11DEC2D6E00191353 /* Main.storyboard */ = {
			isa = PBXVariantGroup;
			children = (
				88966CB21DEC2D6E00191353 /* Base */,
			);
			name = Main.storyboard;
			sourceTree = "<group>";
		};
		88966CB61DEC2D6E00191353 /* LaunchScreen.storyboard */ = {
			isa = PBXVariantGroup;
			children = (
				88966CB71DEC2D6E00191353 /* Base */,
			);
			name = LaunchScreen.storyboard;
			sourceTree = "<group>";
		};
/* End PBXVariantGroup section */

/* Begin XCBuildConfiguration section */
		88966CD01DEC2D6E00191353 /* Debug */ = {
			isa = XCBuildConfiguration;
			buildSettings = {
				ALWAYS_SEARCH_USER_PATHS = NO;
				CLANG_ANALYZER_NONNULL = YES;
				CLANG_CXX_LANGUAGE_STANDARD = "gnu++0x";
				CLANG_CXX_LIBRARY = "libc++";
				CLANG_ENABLE_MODULES = YES;
				CLANG_ENABLE_OBJC_ARC = YES;
				CLANG_WARN_BOOL_CONVERSION = YES;
				CLANG_WARN_CONSTANT_CONVERSION = YES;
				CLANG_WARN_DIRECT_OBJC_ISA_USAGE = YES_ERROR;
				CLANG_WARN_DOCUMENTATION_COMMENTS = YES;
				CLANG_WARN_EMPTY_BODY = YES;
				CLANG_WARN_ENUM_CONVERSION = YES;
				CLANG_WARN_INFINITE_RECURSION = YES;
				CLANG_WARN_INT_CONVERSION = YES;
				CLANG_WARN_OBJC_ROOT_CLASS = YES_ERROR;
				CLANG_WARN_SUSPICIOUS_MOVES = YES;
				CLANG_WARN_UNREACHABLE_CODE = YES;
				CLANG_WARN__DUPLICATE_METHOD_MATCH = YES;
				"CODE_SIGN_IDENTITY[sdk=iphoneos*]" = "iPhone Developer";
				COPY_PHASE_STRIP = NO;
				DEBUG_INFORMATION_FORMAT = dwarf;
				ENABLE_STRICT_OBJC_MSGSEND = YES;
				ENABLE_TESTABILITY = YES;
				GCC_C_LANGUAGE_STANDARD = gnu99;
				GCC_DYNAMIC_NO_PIC = NO;
				GCC_NO_COMMON_BLOCKS = YES;
				GCC_OPTIMIZATION_LEVEL = 0;
				GCC_PREPROCESSOR_DEFINITIONS = (
					"DEBUG=1",
					"$(inherited)",
				);
				GCC_WARN_64_TO_32_BIT_CONVERSION = YES;
				GCC_WARN_ABOUT_RETURN_TYPE = YES_ERROR;
				GCC_WARN_UNDECLARED_SELECTOR = YES;
				GCC_WARN_UNINITIALIZED_AUTOS = YES_AGGRESSIVE;
				GCC_WARN_UNUSED_FUNCTION = YES;
				GCC_WARN_UNUSED_VARIABLE = YES;
				IPHONEOS_DEPLOYMENT_TARGET = 10.0;
				MTL_ENABLE_DEBUG_INFO = YES;
				ONLY_ACTIVE_ARCH = YES;
				SDKROOT = iphoneos;
				SWIFT_ACTIVE_COMPILATION_CONDITIONS = DEBUG;
				SWIFT_OPTIMIZATION_LEVEL = "-Onone";
				TARGETED_DEVICE_FAMILY = "1,2";
			};
			name = Debug;
		};
		88966CD11DEC2D6E00191353 /* Release */ = {
			isa = XCBuildConfiguration;
			buildSettings = {
				ALWAYS_SEARCH_USER_PATHS = NO;
				CLANG_ANALYZER_NONNULL = YES;
				CLANG_CXX_LANGUAGE_STANDARD = "gnu++0x";
				CLANG_CXX_LIBRARY = "libc++";
				CLANG_ENABLE_MODULES = YES;
				CLANG_ENABLE_OBJC_ARC = YES;
				CLANG_WARN_BOOL_CONVERSION = YES;
				CLANG_WARN_CONSTANT_CONVERSION = YES;
				CLANG_WARN_DIRECT_OBJC_ISA_USAGE = YES_ERROR;
				CLANG_WARN_DOCUMENTATION_COMMENTS = YES;
				CLANG_WARN_EMPTY_BODY = YES;
				CLANG_WARN_ENUM_CONVERSION = YES;
				CLANG_WARN_INFINITE_RECURSION = YES;
				CLANG_WARN_INT_CONVERSION = YES;
				CLANG_WARN_OBJC_ROOT_CLASS = YES_ERROR;
				CLANG_WARN_SUSPICIOUS_MOVES = YES;
				CLANG_WARN_UNREACHABLE_CODE = YES;
				CLANG_WARN__DUPLICATE_METHOD_MATCH = YES;
				"CODE_SIGN_IDENTITY[sdk=iphoneos*]" = "iPhone Developer";
				COPY_PHASE_STRIP = NO;
				DEBUG_INFORMATION_FORMAT = "dwarf-with-dsym";
				ENABLE_NS_ASSERTIONS = NO;
				ENABLE_STRICT_OBJC_MSGSEND = YES;
				GCC_C_LANGUAGE_STANDARD = gnu99;
				GCC_NO_COMMON_BLOCKS = YES;
				GCC_WARN_64_TO_32_BIT_CONVERSION = YES;
				GCC_WARN_ABOUT_RETURN_TYPE = YES_ERROR;
				GCC_WARN_UNDECLARED_SELECTOR = YES;
				GCC_WARN_UNINITIALIZED_AUTOS = YES_AGGRESSIVE;
				GCC_WARN_UNUSED_FUNCTION = YES;
				GCC_WARN_UNUSED_VARIABLE = YES;
				IPHONEOS_DEPLOYMENT_TARGET = 10.0;
				MTL_ENABLE_DEBUG_INFO = NO;
				SDKROOT = iphoneos;
				SWIFT_OPTIMIZATION_LEVEL = "-Owholemodule";
				TARGETED_DEVICE_FAMILY = "1,2";
				VALIDATE_PRODUCT = YES;
			};
			name = Release;
		};
		88966CD31DEC2D6E00191353 /* Debug */ = {
			isa = XCBuildConfiguration;
			baseConfigurationReference = 73DD2373CE169A5809EE7FE8 /* Pods-EasyLED.debug.xcconfig */;
			buildSettings = {
				ASSETCATALOG_COMPILER_APPICON_NAME = AppIcon;
				INFOPLIST_FILE = EasyLED/Info.plist;
				LD_RUNPATH_SEARCH_PATHS = "$(inherited) @executable_path/Frameworks";
				PRODUCT_BUNDLE_IDENTIFIER = com.laurent.EasyLED;
				PRODUCT_NAME = "$(TARGET_NAME)";
				SWIFT_VERSION = 3.0;
			};
			name = Debug;
		};
		88966CD41DEC2D6E00191353 /* Release */ = {
			isa = XCBuildConfiguration;
			baseConfigurationReference = B5B971FD3B55B672B7C372F9 /* Pods-EasyLED.release.xcconfig */;
			buildSettings = {
				ASSETCATALOG_COMPILER_APPICON_NAME = AppIcon;
				INFOPLIST_FILE = EasyLED/Info.plist;
				LD_RUNPATH_SEARCH_PATHS = "$(inherited) @executable_path/Frameworks";
				PRODUCT_BUNDLE_IDENTIFIER = com.laurent.EasyLED;
				PRODUCT_NAME = "$(TARGET_NAME)";
				SWIFT_VERSION = 3.0;
			};
			name = Release;
		};
		88966CD61DEC2D6E00191353 /* Debug */ = {
			isa = XCBuildConfiguration;
			baseConfigurationReference = 7836AB6B4F88B664971226AF /* Pods-EasyLEDTests.debug.xcconfig */;
			buildSettings = {
				ALWAYS_EMBED_SWIFT_STANDARD_LIBRARIES = YES;
				BUNDLE_LOADER = "$(TEST_HOST)";
				INFOPLIST_FILE = EasyLEDTests/Info.plist;
				LD_RUNPATH_SEARCH_PATHS = "$(inherited) @executable_path/Frameworks @loader_path/Frameworks";
				PRODUCT_BUNDLE_IDENTIFIER = com.laurent.EasyLEDTests;
				PRODUCT_NAME = "$(TARGET_NAME)";
				SWIFT_VERSION = 3.0;
				TEST_HOST = "$(BUILT_PRODUCTS_DIR)/EasyLED.app/EasyLED";
			};
			name = Debug;
		};
		88966CD71DEC2D6E00191353 /* Release */ = {
			isa = XCBuildConfiguration;
			baseConfigurationReference = 38ADD73E5EFB94D6C163B9D3 /* Pods-EasyLEDTests.release.xcconfig */;
			buildSettings = {
				ALWAYS_EMBED_SWIFT_STANDARD_LIBRARIES = YES;
				BUNDLE_LOADER = "$(TEST_HOST)";
				INFOPLIST_FILE = EasyLEDTests/Info.plist;
				LD_RUNPATH_SEARCH_PATHS = "$(inherited) @executable_path/Frameworks @loader_path/Frameworks";
				PRODUCT_BUNDLE_IDENTIFIER = com.laurent.EasyLEDTests;
				PRODUCT_NAME = "$(TARGET_NAME)";
				SWIFT_VERSION = 3.0;
				TEST_HOST = "$(BUILT_PRODUCTS_DIR)/EasyLED.app/EasyLED";
			};
			name = Release;
		};
		88966CD91DEC2D6E00191353 /* Debug */ = {
			isa = XCBuildConfiguration;
			baseConfigurationReference = 917975356C8F96DD074E8D62 /* Pods-EasyLEDUITests.debug.xcconfig */;
			buildSettings = {
				ALWAYS_EMBED_SWIFT_STANDARD_LIBRARIES = YES;
				INFOPLIST_FILE = EasyLEDUITests/Info.plist;
				LD_RUNPATH_SEARCH_PATHS = "$(inherited) @executable_path/Frameworks @loader_path/Frameworks";
				PRODUCT_BUNDLE_IDENTIFIER = com.laurent.EasyLEDUITests;
				PRODUCT_NAME = "$(TARGET_NAME)";
				SWIFT_VERSION = 3.0;
				TEST_TARGET_NAME = EasyLED;
			};
			name = Debug;
		};
		88966CDA1DEC2D6E00191353 /* Release */ = {
			isa = XCBuildConfiguration;
			baseConfigurationReference = 034387ECBF16ECA8027C0DE8 /* Pods-EasyLEDUITests.release.xcconfig */;
			buildSettings = {
				ALWAYS_EMBED_SWIFT_STANDARD_LIBRARIES = YES;
				INFOPLIST_FILE = EasyLEDUITests/Info.plist;
				LD_RUNPATH_SEARCH_PATHS = "$(inherited) @executable_path/Frameworks @loader_path/Frameworks";
				PRODUCT_BUNDLE_IDENTIFIER = com.laurent.EasyLEDUITests;
				PRODUCT_NAME = "$(TARGET_NAME)";
				SWIFT_VERSION = 3.0;
				TEST_TARGET_NAME = EasyLED;
			};
			name = Release;
		};
/* End XCBuildConfiguration section */

/* Begin XCConfigurationList section */
		88966CA51DEC2D6E00191353 /* Build configuration list for PBXProject "EasyLED" */ = {
			isa = XCConfigurationList;
			buildConfigurations = (
				88966CD01DEC2D6E00191353 /* Debug */,
				88966CD11DEC2D6E00191353 /* Release */,
			);
			defaultConfigurationIsVisible = 0;
			defaultConfigurationName = Release;
		};
		88966CD21DEC2D6E00191353 /* Build configuration list for PBXNativeTarget "EasyLED" */ = {
			isa = XCConfigurationList;
			buildConfigurations = (
				88966CD31DEC2D6E00191353 /* Debug */,
				88966CD41DEC2D6E00191353 /* Release */,
			);
			defaultConfigurationIsVisible = 0;
			defaultConfigurationName = Release;
		};
		88966CD51DEC2D6E00191353 /* Build configuration list for PBXNativeTarget "EasyLEDTests" */ = {
			isa = XCConfigurationList;
			buildConfigurations = (
				88966CD61DEC2D6E00191353 /* Debug */,
				88966CD71DEC2D6E00191353 /* Release */,
			);
			defaultConfigurationIsVisible = 0;
			defaultConfigurationName = Release;
		};
		88966CD81DEC2D6E00191353 /* Build configuration list for PBXNativeTarget "EasyLEDUITests" */ = {
			isa = XCConfigurationList;
			buildConfigurations = (
				88966CD91DEC2D6E00191353 /* Debug */,
				88966CDA1DEC2D6E00191353 /* Release */,
			);
			defaultConfigurationIsVisible = 0;
			defaultConfigurationName = Release;
		};
/* End XCConfigurationList section */
	};
	rootObject = 88966CA21DEC2D6E00191353 /* Project object */;
}
